Microsoft Visual Studio Solution File, Format Version 12.00
# Visual Studio Version 17
VisualStudioVersion = 17.5.2.0
MinimumVisualStudioVersion = 10.0.40219.1
Project("{FAE04EC0-301F-11D3-BF4B-00C04F79EFBC}") = "invoicing-service", "invoicing-service\invoicing-service.csproj", "{4DA5677A-324D-6540-DCD6-AF8454CC9546}"
EndProject
Global
	GlobalSection(SolutionConfigurationPlatforms) = preSolution
		Debug|Any CPU = Debug|Any CPU
		Release|Any CPU = Release|Any CPU
	EndGlobalSection
	GlobalSection(ProjectConfigurationPlatforms) = postSolution
		{4DA5677A-324D-6540-DCD6-AF8454CC9546}.Debug|Any CPU.ActiveCfg = Debug|Any CPU
		{4DA5677A-324D-6540-DCD6-AF8454CC9546}.Debug|Any CPU.Build.0 = Debug|Any CPU
		{4DA5677A-324D-6540-DCD6-AF8454CC9546}.Release|Any CPU.ActiveCfg = Release|Any CPU
		{4DA5677A-324D-6540-DCD6-AF8454CC9546}.Release|Any CPU.Build.0 = Release|Any CPU
	EndGlobalSection
	GlobalSection(SolutionProperties) = preSolution
		HideSolutionNode = FALSE
	EndGlobalSection
	GlobalSection(ExtensibilityGlobals) = postSolution
		SolutionGuid = {772A77EB-3333-439C-9F5B-8DA34DAE5781}
	EndGlobalSection
EndGlobal
